
Microsoft Visual Studio Solution File, Format Version 12.00
# Visual Studio Version 17
VisualStudioVersion = 17.4.33213.308
MinimumVisualStudioVersion = 10.0.40219.1
Project("{FAE04EC0-301F-11D3-BF4B-00C04F79EFBC}") = "Lesson", "Lesson\Lesson.csproj", "{C45F36E0-3E4B-4AC1-A7E4-B3338A7E62E6}"
EndProject
Project("{FAE04EC0-301F-11D3-BF4B-00C04F79EFBC}") = "Collections", "Collections\Collections.csproj", "{33E8678A-5170-4D95-AEC2-661C2B7E2F3D}"
EndProject
Global
	GlobalSection(SolutionConfigurationPlatforms) = preSolution
		Debug|Any CPU = Debug|Any CPU
		Release|Any CPU = Release|Any CPU
	EndGlobalSection
	GlobalSection(ProjectConfigurationPlatforms) = postSolution
		{C45F36E0-3E4B-4AC1-A7E4-B3338A7E62E6}.Debug|Any CPU.ActiveCfg = Debug|Any CPU
		{C45F36E0-3E4B-4AC1-A7E4-B3338A7E62E6}.Debug|Any CPU.Build.0 = Debug|Any CPU
		{C45F36E0-3E4B-4AC1-A7E4-B3338A7E62E6}.Release|Any CPU.ActiveCfg = Release|Any CPU
		{C45F36E0-3E4B-4AC1-A7E4-B3338A7E62E6}.Release|Any CPU.Build.0 = Release|Any CPU
		{33E8678A-5170-4D95-AEC2-661C2B7E2F3D}.Debug|Any CPU.ActiveCfg = Debug|Any CPU
		{33E8678A-5170-4D95-AEC2-661C2B7E2F3D}.Debug|Any CPU.Build.0 = Debug|Any CPU
		{33E8678A-5170-4D95-AEC2-661C2B7E2F3D}.Release|Any CPU.ActiveCfg = Release|Any CPU
		{33E8678A-5170-4D95-AEC2-661C2B7E2F3D}.Release|Any CPU.Build.0 = Release|Any CPU
	EndGlobalSection
	GlobalSection(SolutionProperties) = preSolution
		HideSolutionNode = FALSE
	EndGlobalSection
	GlobalSection(ExtensibilityGlobals) = postSolution
		SolutionGuid = {93F6754C-4692-4444-B636-D0D4BE2A2AED}
	EndGlobalSection
EndGlobal
